
Microsoft Visual Studio Solution File, Format Version 12.00
# Visual Studio Version 17
VisualStudioVersion = 17.1.32414.318
MinimumVisualStudioVersion = 10.0.40219.1
Project("{9A19103F-16F7-4668-BE54-9A1E7A4F7556}") = "proyecto-constructora-web", "proyecto-constructora-web\proyecto-constructora-web.csproj", "{5FD6741E-2966-4B58-B193-E872CF8E04FC}"
EndProject
Project("{2150E333-8FDC-42A3-9474-1A3956D46DE8}") = "1. Presentation", "1. Presentation", "{B23DE754-AA72-49C9-9AF4-96B18F9CCD50}"
EndProject
Project("{2150E333-8FDC-42A3-9474-1A3956D46DE8}") = "2. Services", "2. Services", "{C25175F4-6CAC-4B4C-9792-F42C492983A8}"
EndProject
Project("{9A19103F-16F7-4668-BE54-9A1E7A4F7556}") = "Constructora.Services.Api", "Constructora.Services.Api\Constructora.Services.Api.csproj", "{0630197E-857B-499C-A20A-7932CF5BAC83}"
EndProject
Global
	GlobalSection(SolutionConfigurationPlatforms) = preSolution
		Debug|Any CPU = Debug|Any CPU
		Release|Any CPU = Release|Any CPU
	EndGlobalSection
	GlobalSection(ProjectConfigurationPlatforms) = postSolution
		{5FD6741E-2966-4B58-B193-E872CF8E04FC}.Debug|Any CPU.ActiveCfg = Debug|Any CPU
		{5FD6741E-2966-4B58-B193-E872CF8E04FC}.Debug|Any CPU.Build.0 = Debug|Any CPU
		{5FD6741E-2966-4B58-B193-E872CF8E04FC}.Release|Any CPU.ActiveCfg = Release|Any CPU
		{5FD6741E-2966-4B58-B193-E872CF8E04FC}.Release|Any CPU.Build.0 = Release|Any CPU
		{0630197E-857B-499C-A20A-7932CF5BAC83}.Debug|Any CPU.ActiveCfg = Debug|Any CPU
		{0630197E-857B-499C-A20A-7932CF5BAC83}.Debug|Any CPU.Build.0 = Debug|Any CPU
		{0630197E-857B-499C-A20A-7932CF5BAC83}.Release|Any CPU.ActiveCfg = Release|Any CPU
		{0630197E-857B-499C-A20A-7932CF5BAC83}.Release|Any CPU.Build.0 = Release|Any CPU
	EndGlobalSection
	GlobalSection(SolutionProperties) = preSolution
		HideSolutionNode = FALSE
	EndGlobalSection
	GlobalSection(NestedProjects) = preSolution
		{5FD6741E-2966-4B58-B193-E872CF8E04FC} = {B23DE754-AA72-49C9-9AF4-96B18F9CCD50}
		{0630197E-857B-499C-A20A-7932CF5BAC83} = {C25175F4-6CAC-4B4C-9792-F42C492983A8}
	EndGlobalSection
	GlobalSection(ExtensibilityGlobals) = postSolution
		SolutionGuid = {4D69E1A5-E5E4-4115-B673-0C88377CC951}
	EndGlobalSection
EndGlobal
